
Microsoft Visual Studio Solution File, Format Version 12.00
# Visual Studio 15
VisualStudioVersion = 15.0.28307.421
MinimumVisualStudioVersion = 10.0.40219.1
Project("{FAE04EC0-301F-11D3-BF4B-00C04F79EFBC}") = "State Management Lab", "State Management Lab\State Management Lab.csproj", "{BB2674AF-0261-4D39-9702-7ABF2D8619CC}"
EndProject
Global
	GlobalSection(SolutionConfigurationPlatforms) = preSolution
		Debug|Any CPU = Debug|Any CPU
		Release|Any CPU = Release|Any CPU
	EndGlobalSection
	GlobalSection(ProjectConfigurationPlatforms) = postSolution
		{BB2674AF-0261-4D39-9702-7ABF2D8619CC}.Debug|Any CPU.ActiveCfg = Debug|Any CPU
		{BB2674AF-0261-4D39-9702-7ABF2D8619CC}.Debug|Any CPU.Build.0 = Debug|Any CPU
		{BB2674AF-0261-4D39-9702-7ABF2D8619CC}.Release|Any CPU.ActiveCfg = Release|Any CPU
		{BB2674AF-0261-4D39-9702-7ABF2D8619CC}.Release|Any CPU.Build.0 = Release|Any CPU
	EndGlobalSection
	GlobalSection(SolutionProperties) = preSolution
		HideSolutionNode = FALSE
	EndGlobalSection
	GlobalSection(ExtensibilityGlobals) = postSolution
		SolutionGuid = {19B77182-A688-4783-8BC9-14A3DAEBBCC3}
	EndGlobalSection
EndGlobal
